
Microsoft Visual Studio Solution File, Format Version 12.00
# Visual Studio Version 17
VisualStudioVersion = 17.13.35806.99 d17.13
MinimumVisualStudioVersion = 10.0.40219.1
Project("{FAE04EC0-301F-11D3-BF4B-00C04F79EFBC}") = "exercicio11", "exercicio11\exercicio11.csproj", "{5D2696AC-9A57-4BCD-AA82-A59898574EAC}"
EndProject
Global
	GlobalSection(SolutionConfigurationPlatforms) = preSolution
		Debug|Any CPU = Debug|Any CPU
		Release|Any CPU = Release|Any CPU
	EndGlobalSection
	GlobalSection(ProjectConfigurationPlatforms) = postSolution
		{5D2696AC-9A57-4BCD-AA82-A59898574EAC}.Debug|Any CPU.ActiveCfg = Debug|Any CPU
		{5D2696AC-9A57-4BCD-AA82-A59898574EAC}.Debug|Any CPU.Build.0 = Debug|Any CPU
		{5D2696AC-9A57-4BCD-AA82-A59898574EAC}.Release|Any CPU.ActiveCfg = Release|Any CPU
		{5D2696AC-9A57-4BCD-AA82-A59898574EAC}.Release|Any CPU.Build.0 = Release|Any CPU
	EndGlobalSection
	GlobalSection(SolutionProperties) = preSolution
		HideSolutionNode = FALSE
	EndGlobalSection
	GlobalSection(ExtensibilityGlobals) = postSolution
		SolutionGuid = {6A3DBD1B-DB29-4689-869B-9EDB1EC41873}
	EndGlobalSection
EndGlobal
